
Microsoft Visual Studio Solution File, Format Version 12.00
# Visual Studio Version 16
VisualStudioVersion = 16.0.34031.81
MinimumVisualStudioVersion = 10.0.40219.1
Project("{2150E333-8FDC-42A3-9474-1A3956D46DE8}") = "Task0", "Task0", "{084E8DEE-4809-4068-A124-623D969AC2C5}"
EndProject
Project("{FAE04EC0-301F-11D3-BF4B-00C04F79EFBC}") = "Tyuiu.IvanovSI.Sprint4.Task0.V17", "Tyuiu.IvanovSI.Sprint4.Task0.V17\Tyuiu.IvanovSI.Sprint4.Task0.V17.csproj", "{D18A57A2-60C5-42F9-8CA2-9AD7D67C2749}"
EndProject
Project("{FAE04EC0-301F-11D3-BF4B-00C04F79EFBC}") = "Tyuiu.IvanovSI.Sprint4.Task0.V17.Test", "Tyuiu.IvanovSI.Sprint4.Task0.V17.Test\Tyuiu.IvanovSI.Sprint4.Task0.V17.Test.csproj", "{1AE26E10-7ABE-47E4-B9D3-63EECFC4B861}"
EndProject
Project("{FAE04EC0-301F-11D3-BF4B-00C04F79EFBC}") = "Tyuiu.IvanovSI.Sprint4.Task0.V17.Lib", "Tyuiu.IvanovSI.Sprint4.Task0.V17.Lib\Tyuiu.IvanovSI.Sprint4.Task0.V17.Lib.csproj", "{E79FE650-A28B-498B-93B4-8703CF195119}"
EndProject
Project("{2150E333-8FDC-42A3-9474-1A3956D46DE8}") = "Task1", "Task1", "{69AAAC1C-884F-4C02-ACB9-B54ADF47E1D3}"
EndProject
Project("{FAE04EC0-301F-11D3-BF4B-00C04F79EFBC}") = "Tyuiu.IvanovSI.Sprint4.Task1.V28", "Tyuiu.IvanovSI.Sprint4.Task1.V28\Tyuiu.IvanovSI.Sprint4.Task1.V28.csproj", "{4E3511BD-A773-4B3A-99F4-7BB48CF5CD7B}"
EndProject
Project("{FAE04EC0-301F-11D3-BF4B-00C04F79EFBC}") = "Tyuiu.IvanovSI.Sprint4.Task1.V28.Lib", "Tyuiu.IvanovSI.Sprint4.Task1.V28.Lib\Tyuiu.IvanovSI.Sprint4.Task1.V28.Lib.csproj", "{3D87E6F8-8215-4B00-A70C-DCE3D0996C0F}"
EndProject
Project("{FAE04EC0-301F-11D3-BF4B-00C04F79EFBC}") = "Tyuiu.IvanovSI.Sprint4.Task1.V28.Test", "Tyuiu.IvanovSI.Sprint4.Task1.V28.Test\Tyuiu.IvanovSI.Sprint4.Task1.V28.Test.csproj", "{60BBD837-3981-4F73-A961-3127D0CEA779}"
EndProject
Project("{2150E333-8FDC-42A3-9474-1A3956D46DE8}") = "Task2", "Task2", "{C78E6FED-5933-422D-8A7E-B2C76918DACC}"
EndProject
Project("{FAE04EC0-301F-11D3-BF4B-00C04F79EFBC}") = "Tyuiu.IvanovSI.Sprint4.Task2.V28", "Tyuiu.IvanovSI.Sprint4.Task2.V28\Tyuiu.IvanovSI.Sprint4.Task2.V28.csproj", "{C0BF359E-CD53-45D0-AE2A-69F583D23C8C}"
EndProject
Project("{FAE04EC0-301F-11D3-BF4B-00C04F79EFBC}") = "Tyuiu.IvanovSI.Sprint4.Task2.V28.Test", "Tyuiu.IvanovSI.Sprint4.Task2.V28.Test\Tyuiu.IvanovSI.Sprint4.Task2.V28.Test.csproj", "{0770DD43-9D65-4637-8D87-7C0E2E8CCE4D}"
EndProject
Project("{FAE04EC0-301F-11D3-BF4B-00C04F79EFBC}") = "Tyuiu.IvanovSI.Sprint4.Task2.V28.Lib", "Tyuiu.IvanovSI.Sprint4.Task2.V28.Lib\Tyuiu.IvanovSI.Sprint4.Task2.V28.Lib.csproj", "{1B841486-6CBE-405E-9A42-3E8BA0A55C9C}"
EndProject
Global
	GlobalSection(SolutionConfigurationPlatforms) = preSolution
		Debug|Any CPU = Debug|Any CPU
		Release|Any CPU = Release|Any CPU
	EndGlobalSection
	GlobalSection(ProjectConfigurationPlatforms) = postSolution
		{D18A57A2-60C5-42F9-8CA2-9AD7D67C2749}.Debug|Any CPU.ActiveCfg = Debug|Any CPU
		{D18A57A2-60C5-42F9-8CA2-9AD7D67C2749}.Debug|Any CPU.Build.0 = Debug|Any CPU
		{D18A57A2-60C5-42F9-8CA2-9AD7D67C2749}.Release|Any CPU.ActiveCfg = Release|Any CPU
		{D18A57A2-60C5-42F9-8CA2-9AD7D67C2749}.Release|Any CPU.Build.0 = Release|Any CPU
		{1AE26E10-7ABE-47E4-B9D3-63EECFC4B861}.Debug|Any CPU.ActiveCfg = Debug|Any CPU
		{1AE26E10-7ABE-47E4-B9D3-63EECFC4B861}.Debug|Any CPU.Build.0 = Debug|Any CPU
		{1AE26E10-7ABE-47E4-B9D3-63EECFC4B861}.Release|Any CPU.ActiveCfg = Release|Any CPU
		{1AE26E10-7ABE-47E4-B9D3-63EECFC4B861}.Release|Any CPU.Build.0 = Release|Any CPU
		{E79FE650-A28B-498B-93B4-8703CF195119}.Debug|Any CPU.ActiveCfg = Debug|Any CPU
		{E79FE650-A28B-498B-93B4-8703CF195119}.Debug|Any CPU.Build.0 = Debug|Any CPU
		{E79FE650-A28B-498B-93B4-8703CF195119}.Release|Any CPU.ActiveCfg = Release|Any CPU
		{E79FE650-A28B-498B-93B4-8703CF195119}.Release|Any CPU.Build.0 = Release|Any CPU
		{4E3511BD-A773-4B3A-99F4-7BB48CF5CD7B}.Debug|Any CPU.ActiveCfg = Debug|Any CPU
		{4E3511BD-A773-4B3A-99F4-7BB48CF5CD7B}.Debug|Any CPU.Build.0 = Debug|Any CPU
		{4E3511BD-A773-4B3A-99F4-7BB48CF5CD7B}.Release|Any CPU.ActiveCfg = Release|Any CPU
		{4E3511BD-A773-4B3A-99F4-7BB48CF5CD7B}.Release|Any CPU.Build.0 = Release|Any CPU
		{3D87E6F8-8215-4B00-A70C-DCE3D0996C0F}.Debug|Any CPU.ActiveCfg = Debug|Any CPU
		{3D87E6F8-8215-4B00-A70C-DCE3D0996C0F}.Debug|Any CPU.Build.0 = Debug|Any CPU
		{3D87E6F8-8215-4B00-A70C-DCE3D0996C0F}.Release|Any CPU.ActiveCfg = Release|Any CPU
		{3D87E6F8-8215-4B00-A70C-DCE3D0996C0F}.Release|Any CPU.Build.0 = Release|Any CPU
		{60BBD837-3981-4F73-A961-3127D0CEA779}.Debug|Any CPU.ActiveCfg = Debug|Any CPU
		{60BBD837-3981-4F73-A961-3127D0CEA779}.Debug|Any CPU.Build.0 = Debug|Any CPU
		{60BBD837-3981-4F73-A961-3127D0CEA779}.Release|Any CPU.ActiveCfg = Release|Any CPU
		{60BBD837-3981-4F73-A961-3127D0CEA779}.Release|Any CPU.Build.0 = Release|Any CPU
		{C0BF359E-CD53-45D0-AE2A-69F583D23C8C}.Debug|Any CPU.ActiveCfg = Debug|Any CPU
		{C0BF359E-CD53-45D0-AE2A-69F583D23C8C}.Debug|Any CPU.Build.0 = Debug|Any CPU
		{C0BF359E-CD53-45D0-AE2A-69F583D23C8C}.Release|Any CPU.ActiveCfg = Release|Any CPU
		{C0BF359E-CD53-45D0-AE2A-69F583D23C8C}.Release|Any CPU.Build.0 = Release|Any CPU
		{0770DD43-9D65-4637-8D87-7C0E2E8CCE4D}.Debug|Any CPU.ActiveCfg = Debug|Any CPU
		{0770DD43-9D65-4637-8D87-7C0E2E8CCE4D}.Debug|Any CPU.Build.0 = Debug|Any CPU
		{0770DD43-9D65-4637-8D87-7C0E2E8CCE4D}.Release|Any CPU.ActiveCfg = Release|Any CPU
		{0770DD43-9D65-4637-8D87-7C0E2E8CCE4D}.Release|Any CPU.Build.0 = Release|Any CPU
		{1B841486-6CBE-405E-9A42-3E8BA0A55C9C}.Debug|Any CPU.ActiveCfg = Debug|Any CPU
		{1B841486-6CBE-405E-9A42-3E8BA0A55C9C}.Debug|Any CPU.Build.0 = Debug|Any CPU
		{1B841486-6CBE-405E-9A42-3E8BA0A55C9C}.Release|Any CPU.ActiveCfg = Release|Any CPU
		{1B841486-6CBE-405E-9A42-3E8BA0A55C9C}.Release|Any CPU.Build.0 = Release|Any CPU
	EndGlobalSection
	GlobalSection(SolutionProperties) = preSolution
		HideSolutionNode = FALSE
	EndGlobalSection
	GlobalSection(NestedProjects) = preSolution
		{D18A57A2-60C5-42F9-8CA2-9AD7D67C2749} = {084E8DEE-4809-4068-A124-623D969AC2C5}
		{1AE26E10-7ABE-47E4-B9D3-63EECFC4B861} = {084E8DEE-4809-4068-A124-623D969AC2C5}
		{E79FE650-A28B-498B-93B4-8703CF195119} = {084E8DEE-4809-4068-A124-623D969AC2C5}
		{4E3511BD-A773-4B3A-99F4-7BB48CF5CD7B} = {69AAAC1C-884F-4C02-ACB9-B54ADF47E1D3}
		{3D87E6F8-8215-4B00-A70C-DCE3D0996C0F} = {69AAAC1C-884F-4C02-ACB9-B54ADF47E1D3}
		{60BBD837-3981-4F73-A961-3127D0CEA779} = {69AAAC1C-884F-4C02-ACB9-B54ADF47E1D3}
		{C0BF359E-CD53-45D0-AE2A-69F583D23C8C} = {C78E6FED-5933-422D-8A7E-B2C76918DACC}
		{0770DD43-9D65-4637-8D87-7C0E2E8CCE4D} = {C78E6FED-5933-422D-8A7E-B2C76918DACC}
		{1B841486-6CBE-405E-9A42-3E8BA0A55C9C} = {C78E6FED-5933-422D-8A7E-B2C76918DACC}
	EndGlobalSection
	GlobalSection(ExtensibilityGlobals) = postSolution
		SolutionGuid = {16A7FD7C-2C59-401B-91A6-E3F7C434F6C6}
	EndGlobalSection
EndGlobal
